
Microsoft Visual Studio Solution File, Format Version 12.00
# Visual Studio Version 17
VisualStudioVersion = 17.10.35122.118
MinimumVisualStudioVersion = 10.0.40219.1
Project("{FAE04EC0-301F-11D3-BF4B-00C04F79EFBC}") = "Bill_Generate", "Bill_Generate.csproj", "{3AF04A8B-38B3-4E97-B115-75FF83B35C75}"
EndProject
Global
	GlobalSection(SolutionConfigurationPlatforms) = preSolution
		Debug|Any CPU = Debug|Any CPU
		Release|Any CPU = Release|Any CPU
	EndGlobalSection
	GlobalSection(ProjectConfigurationPlatforms) = postSolution
		{3AF04A8B-38B3-4E97-B115-75FF83B35C75}.Debug|Any CPU.ActiveCfg = Debug|Any CPU
		{3AF04A8B-38B3-4E97-B115-75FF83B35C75}.Debug|Any CPU.Build.0 = Debug|Any CPU
		{3AF04A8B-38B3-4E97-B115-75FF83B35C75}.Release|Any CPU.ActiveCfg = Release|Any CPU
		{3AF04A8B-38B3-4E97-B115-75FF83B35C75}.Release|Any CPU.Build.0 = Release|Any CPU
	EndGlobalSection
	GlobalSection(SolutionProperties) = preSolution
		HideSolutionNode = FALSE
	EndGlobalSection
	GlobalSection(ExtensibilityGlobals) = postSolution
		SolutionGuid = {25A73DA4-A413-4C13-B744-B3DCCE0B4F50}
	EndGlobalSection
EndGlobal
